
Microsoft Visual Studio Solution File, Format Version 12.00
# Visual Studio Version 17
VisualStudioVersion = 17.14.36603.0 d17.14
MinimumVisualStudioVersion = 10.0.40219.1
Project("{FAE04EC0-301F-11D3-BF4B-00C04F79EFBC}") = "APILibrarySystem", "APILibrarySystem\APILibrarySystem.csproj", "{D45E99BD-8F23-4C3D-9200-B2FED8C11332}"
EndProject
Global
	GlobalSection(SolutionConfigurationPlatforms) = preSolution
		Debug|Any CPU = Debug|Any CPU
		Release|Any CPU = Release|Any CPU
	EndGlobalSection
	GlobalSection(ProjectConfigurationPlatforms) = postSolution
		{D45E99BD-8F23-4C3D-9200-B2FED8C11332}.Debug|Any CPU.ActiveCfg = Debug|Any CPU
		{D45E99BD-8F23-4C3D-9200-B2FED8C11332}.Debug|Any CPU.Build.0 = Debug|Any CPU
		{D45E99BD-8F23-4C3D-9200-B2FED8C11332}.Release|Any CPU.ActiveCfg = Release|Any CPU
		{D45E99BD-8F23-4C3D-9200-B2FED8C11332}.Release|Any CPU.Build.0 = Release|Any CPU
	EndGlobalSection
	GlobalSection(SolutionProperties) = preSolution
		HideSolutionNode = FALSE
	EndGlobalSection
	GlobalSection(ExtensibilityGlobals) = postSolution
		SolutionGuid = {369C4A74-745A-4411-8186-785D593AFA99}
	EndGlobalSection
EndGlobal
